// !$*UTF8*$!
{
	archiveVersion = 1;
	classes = {
	};
	objectVersion = 56;
	objects = {

/* Begin PBXBuildFile section */
		0FD768FB2AD2AECE002B8C13 /* CapFunApp.swift in Sources */ = {isa = PBXBuildFile; fileRef = 0FD768FA2AD2AECE002B8C13 /* CapFunApp.swift */; };
		0FD768FD2AD2AECE002B8C13 /* ContentView.swift in Sources */ = {isa = PBXBuildFile; fileRef = 0FD768FC2AD2AECE002B8C13 /* ContentView.swift */; };
		0FD768FF2AD2AED1002B8C13 /* Assets.xcassets in Resources */ = {isa = PBXBuildFile; fileRef = 0FD768FE2AD2AED1002B8C13 /* Assets.xcassets */; };
		0FD769022AD2AED1002B8C13 /* Preview Assets.xcassets in Resources */ = {isa = PBXBuildFile; fileRef = 0FD769012AD2AED1002B8C13 /* Preview Assets.xcassets */; };
		0FD7690C2AD2AED2002B8C13 /* CapFunTests.swift in Sources */ = {isa = PBXBuildFile; fileRef = 0FD7690B2AD2AED2002B8C13 /* CapFunTests.swift */; };
		0FD769162AD2AED2002B8C13 /* CapFunUITests.swift in Sources */ = {isa = PBXBuildFile; fileRef = 0FD769152AD2AED2002B8C13 /* CapFunUITests.swift */; };
		0FD769182AD2AED2002B8C13 /* CapFunUITestsLaunchTests.swift in Sources */ = {isa = PBXBuildFile; fileRef = 0FD769172AD2AED2002B8C13 /* CapFunUITestsLaunchTests.swift */; };
		0FD769252AD2B785002B8C13 /* CustomButtonView.swift in Sources */ = {isa = PBXBuildFile; fileRef = 0FD769242AD2B785002B8C13 /* CustomButtonView.swift */; };
/* End PBXBuildFile section */

/* Begin PBXContainerItemProxy section */
		0FD769082AD2AED2002B8C13 /* PBXContainerItemProxy */ = {
			isa = PBXContainerItemProxy;
			containerPortal = 0FD768EF2AD2AECE002B8C13 /* Project object */;
			proxyType = 1;
			remoteGlobalIDString = 0FD768F62AD2AECE002B8C13;
			remoteInfo = CapFun;
		};
		0FD769122AD2AED2002B8C13 /* PBXContainerItemProxy */ = {
			isa = PBXContainerItemProxy;
			containerPortal = 0FD768EF2AD2AECE002B8C13 /* Project object */;
			proxyType = 1;
			remoteGlobalIDString = 0FD768F62AD2AECE002B8C13;
			remoteInfo = CapFun;
		};
/* End PBXContainerItemProxy section */

/* Begin PBXFileReference section */
		0FD768F72AD2AECE002B8C13 /* CapFun.app */ = {isa = PBXFileReference; explicitFileType = wrapper.application; includeInIndex = 0; path = CapFun.app; sourceTree = BUILT_PRODUCTS_DIR; };
		0FD768FA2AD2AECE002B8C13 /* CapFunApp.swift */ = {isa = PBXFileReference; lastKnownFileType = sourcecode.swift; path = CapFunApp.swift; sourceTree = "<group>"; };
		0FD768FC2AD2AECE002B8C13 /* ContentView.swift */ = {isa = PBXFileReference; lastKnownFileType = sourcecode.swift; path = ContentView.swift; sourceTree = "<group>"; };
		0FD768FE2AD2AED1002B8C13 /* Assets.xcassets */ = {isa = PBXFileReference; lastKnownFileType = folder.assetcatalog; path = Assets.xcassets; sourceTree = "<group>"; };
		0FD769012AD2AED1002B8C13 /* Preview Assets.xcassets */ = {isa = PBXFileReference; lastKnownFileType = folder.assetcatalog; path = "Preview Assets.xcassets"; sourceTree = "<group>"; };
		0FD769072AD2AED2002B8C13 /* CapFunTests.xctest */ = {isa = PBXFileReference; explicitFileType = wrapper.cfbundle; includeInIndex = 0; path = CapFunTests.xctest; sourceTree = BUILT_PRODUCTS_DIR; };
		0FD7690B2AD2AED2002B8C13 /* CapFunTests.swift */ = {isa = PBXFileReference; lastKnownFileType = sourcecode.swift; path = CapFunTests.swift; sourceTree = "<group>"; };
		0FD769112AD2AED2002B8C13 /* CapFunUITests.xctest */ = {isa = PBXFileReference; explicitFileType = wrapper.cfbundle; includeInIndex = 0; path = CapFunUITests.xctest; sourceTree = BUILT_PRODUCTS_DIR; };
		0FD769152AD2AED2002B8C13 /* CapFunUITests.swift */ = {isa = PBXFileReference; lastKnownFileType = sourcecode.swift; path = CapFunUITests.swift; sourceTree = "<group>"; };
		0FD769172AD2AED2002B8C13 /* CapFunUITestsLaunchTests.swift */ = {isa = PBXFileReference; lastKnownFileType = sourcecode.swift; path = CapFunUITestsLaunchTests.swift; sourceTree = "<group>"; };
		0FD769242AD2B785002B8C13 /* CustomButtonView.swift */ = {isa = PBXFileReference; lastKnownFileType = sourcecode.swift; path = CustomButtonView.swift; sourceTree = "<group>"; };
/* End PBXFileReference section */

/* Begin PBXFrameworksBuildPhase section */
		0FD768F42AD2AECE002B8C13 /* Frameworks */ = {
			isa = PBXFrameworksBuildPhase;
			buildActionMask = 2147483647;
			files = (
			);
			runOnlyForDeploymentPostprocessing = 0;
		};
		0FD769042AD2AED2002B8C13 /* Frameworks */ = {
			isa = PBXFrameworksBuildPhase;
			buildActionMask = 2147483647;
			files = (
			);
			runOnlyForDeploymentPostprocessing = 0;
		};
		0FD7690E2AD2AED2002B8C13 /* Frameworks */ = {
			isa = PBXFrameworksBuildPhase;
			buildActionMask = 2147483647;
			files = (
			);
			runOnlyForDeploymentPostprocessing = 0;
		};
/* End PBXFrameworksBuildPhase section */

/* Begin PBXGroup section */
		0FD768EE2AD2AECE002B8C13 = {
			isa = PBXGroup;
			children = (
				0FD768F92AD2AECE002B8C13 /* CapFun */,
				0FD7690A2AD2AED2002B8C13 /* CapFunTests */,
				0FD769142AD2AED2002B8C13 /* CapFunUITests */,
				0FD768F82AD2AECE002B8C13 /* Products */,
			);
			sourceTree = "<group>";
		};
		0FD768F82AD2AECE002B8C13 /* Products */ = {
			isa = PBXGroup;
			children = (
				0FD768F72AD2AECE002B8C13 /* CapFun.app */,
				0FD769072AD2AED2002B8C13 /* CapFunTests.xctest */,
				0FD769112AD2AED2002B8C13 /* CapFunUITests.xctest */,
			);
			name = Products;
			sourceTree = "<group>";
		};
		0FD768F92AD2AECE002B8C13 /* CapFun */ = {
			isa = PBXGroup;
			children = (
				0FD768FA2AD2AECE002B8C13 /* CapFunApp.swift */,
				0FD768FC2AD2AECE002B8C13 /* ContentView.swift */,
				0FD769242AD2B785002B8C13 /* CustomButtonView.swift */,
				0FD768FE2AD2AED1002B8C13 /* Assets.xcassets */,
				0FD769002AD2AED1002B8C13 /* Preview Content */,
			);
			path = CapFun;
			sourceTree = "<group>";
		};
		0FD769002AD2AED1002B8C13 /* Preview Content */ = {
			isa = PBXGroup;
			children = (
				0FD769012AD2AED1002B8C13 /* Preview Assets.xcassets */,
			);
			path = "Preview Content";
			sourceTree = "<group>";
		};
		0FD7690A2AD2AED2002B8C13 /* CapFunTests */ = {
			isa = PBXGroup;
			children = (
				0FD7690B2AD2AED2002B8C13 /* CapFunTests.swift */,
			);
			path = CapFunTests;
			sourceTree = "<group>";
		};
		0FD769142AD2AED2002B8C13 /* CapFunUITests */ = {
			isa = PBXGroup;
			children = (
				0FD769152AD2AED2002B8C13 /* CapFunUITests.swift */,
				0FD769172AD2AED2002B8C13 /* CapFunUITestsLaunchTests.swift */,
			);
			path = CapFunUITests;
			sourceTree = "<group>";
		};
/* End PBXGroup section */

/* Begin PBXNativeTarget section */
		0FD768F62AD2AECE002B8C13 /* CapFun */ = {
			isa = PBXNativeTarget;
			buildConfigurationList = 0FD7691B2AD2AED2002B8C13 /* Build configuration list for PBXNativeTarget "CapFun" */;
			buildPhases = (
				0FD768F32AD2AECE002B8C13 /* Sources */,
				0FD768F42AD2AECE002B8C13 /* Frameworks */,
				0FD768F52AD2AECE002B8C13 /* Resources */,
			);
			buildRules = (
			);
			dependencies = (
			);
			name = CapFun;
			productName = CapFun;
			productReference = 0FD768F72AD2AECE002B8C13 /* CapFun.app */;
			productType = "com.apple.product-type.application";
		};
		0FD769062AD2AED2002B8C13 /* CapFunTests */ = {
			isa = PBXNativeTarget;
			buildConfigurationList = 0FD7691E2AD2AED2002B8C13 /* Build configuration list for PBXNativeTarget "CapFunTests" */;
			buildPhases = (
				0FD769032AD2AED2002B8C13 /* Sources */,
				0FD769042AD2AED2002B8C13 /* Frameworks */,
				0FD769052AD2AED2002B8C13 /* Resources */,
			);
			buildRules = (
			);
			dependencies = (
				0FD769092AD2AED2002B8C13 /* PBXTargetDependency */,
			);
			name = CapFunTests;
			productName = CapFunTests;
			productReference = 0FD769072AD2AED2002B8C13 /* CapFunTests.xctest */;
			productType = "com.apple.product-type.bundle.unit-test";
		};
		0FD769102AD2AED2002B8C13 /* CapFunUITests */ = {
			isa = PBXNativeTarget;
			buildConfigurationList = 0FD769212AD2AED2002B8C13 /* Build configuration list for PBXNativeTarget "CapFunUITests" */;
			buildPhases = (
				0FD7690D2AD2AED2002B8C13 /* Sources */,
				0FD7690E2AD2AED2002B8C13 /* Frameworks */,
				0FD7690F2AD2AED2002B8C13 /* Resources */,
			);
			buildRules = (
			);
			dependencies = (
				0FD769132AD2AED2002B8C13 /* PBXTargetDependency */,
			);
			name = CapFunUITests;
			productName = CapFunUITests;
			productReference = 0FD769112AD2AED2002B8C13 /* CapFunUITests.xctest */;
			productType = "com.apple.product-type.bundle.ui-testing";
		};
/* End PBXNativeTarget section */

/* Begin PBXProject section */
		0FD768EF2AD2AECE002B8C13 /* Project object */ = {
			isa = PBXProject;
			attributes = {
				BuildIndependentTargetsInParallel = 1;
				LastSwiftUpdateCheck = 1500;
				LastUpgradeCheck = 1500;
				TargetAttributes = {
					0FD768F62AD2AECE002B8C13 = {
						CreatedOnToolsVersion = 15.0;
					};
					0FD769062AD2AED2002B8C13 = {
						CreatedOnToolsVersion = 15.0;
						TestTargetID = 0FD768F62AD2AECE002B8C13;
					};
					0FD769102AD2AED2002B8C13 = {
						CreatedOnToolsVersion = 15.0;
						TestTargetID = 0FD768F62AD2AECE002B8C13;
					};
				};
			};
			buildConfigurationList = 0FD768F22AD2AECE002B8C13 /* Build configuration list for PBXProject "CapFun" */;
			compatibilityVersion = "Xcode 14.0";
			developmentRegion = en;
			hasScannedForEncodings = 0;
			knownRegions = (
				en,
				Base,
			);
			mainGroup = 0FD768EE2AD2AECE002B8C13;
			productRefGroup = 0FD768F82AD2AECE002B8C13 /* Products */;
			projectDirPath = "";
			projectRoot = "";
			targets = (
				0FD768F62AD2AECE002B8C13 /* CapFun */,
				0FD769062AD2AED2002B8C13 /* CapFunTests */,
				0FD769102AD2AED2002B8C13 /* CapFunUITests */,
			);
		};
/* End PBXProject section */

/* Begin PBXResourcesBuildPhase section */
		0FD768F52AD2AECE002B8C13 /* Resources */ = {
			isa = PBXResourcesBuildPhase;
			buildActionMask = 2147483647;
			files = (
				0FD769022AD2AED1002B8C13 /* Preview Assets.xcassets in Resources */,
				0FD768FF2AD2AED1002B8C13 /* Assets.xcassets in Resources */,
			);
			runOnlyForDeploymentPostprocessing = 0;
		};
		0FD769052AD2AED2002B8C13 /* Resources */ = {
			isa = PBXResourcesBuildPhase;
			buildActionMask = 2147483647;
			files = (
			);
			runOnlyForDeploymentPostprocessing = 0;
		};
		0FD7690F2AD2AED2002B8C13 /* Resources */ = {
			isa = PBXResourcesBuildPhase;
			buildActionMask = 2147483647;
			files = (
			);
			runOnlyForDeploymentPostprocessing = 0;
		};
/* End PBXResourcesBuildPhase section */

/* Begin PBXSourcesBuildPhase section */
		0FD768F32AD2AECE002B8C13 /* Sources */ = {
			isa = PBXSourcesBuildPhase;
			buildActionMask = 2147483647;
			files = (
				0FD769252AD2B785002B8C13 /* CustomButtonView.swift in Sources */,
				0FD768FD2AD2AECE002B8C13 /* ContentView.swift in Sources */,
				0FD768FB2AD2AECE002B8C13 /* CapFunApp.swift in Sources */,
			);
			runOnlyForDeploymentPostprocessing = 0;
		};
		0FD769032AD2AED2002B8C13 /* Sources */ = {
			isa = PBXSourcesBuildPhase;
			buildActionMask = 2147483647;
			files = (
				0FD7690C2AD2AED2002B8C13 /* CapFunTests.swift in Sources */,
			);
			runOnlyForDeploymentPostprocessing = 0;
		};
		0FD7690D2AD2AED2002B8C13 /* Sources */ = {
			isa = PBXSourcesBuildPhase;
			buildActionMask = 2147483647;
			files = (
				0FD769162AD2AED2002B8C13 /* CapFunUITests.swift in Sources */,
				0FD769182AD2AED2002B8C13 /* CapFunUITestsLaunchTests.swift in Sources */,
			);
			runOnlyForDeploymentPostprocessing = 0;
		};
/* End PBXSourcesBuildPhase section */

/* Begin PBXTargetDependency section */
		0FD769092AD2AED2002B8C13 /* PBXTargetDependency */ = {
			isa = PBXTargetDependency;
			target = 0FD768F62AD2AECE002B8C13 /* CapFun */;
			targetProxy = 0FD769082AD2AED2002B8C13 /* PBXContainerItemProxy */;
		};
		0FD769132AD2AED2002B8C13 /* PBXTargetDependency */ = {
			isa = PBXTargetDependency;
			target = 0FD768F62AD2AECE002B8C13 /* CapFun */;
			targetProxy = 0FD769122AD2AED2002B8C13 /* PBXContainerItemProxy */;
		};
/* End PBXTargetDependency section */

/* Begin XCBuildConfiguration section */
		0FD769192AD2AED2002B8C13 /* Debug */ = {
			isa = XCBuildConfiguration;
			buildSettings = {
				ALWAYS_SEARCH_USER_PATHS = NO;
				ASSETCATALOG_COMPILER_GENERATE_SWIFT_ASSET_SYMBOL_EXTENSIONS = YES;
				CLANG_ANALYZER_NONNULL = YES;
				CLANG_ANALYZER_NUMBER_OBJECT_CONVERSION = YES_AGGRESSIVE;
				CLANG_CXX_LANGUAGE_STANDARD = "gnu++20";
				CLANG_ENABLE_MODULES = YES;
				CLANG_ENABLE_OBJC_ARC = YES;
				CLANG_ENABLE_OBJC_WEAK = YES;
				CLANG_WARN_BLOCK_CAPTURE_AUTORELEASING = YES;
				CLANG_WARN_BOOL_CONVERSION = YES;
				CLANG_WARN_COMMA = YES;
				CLANG_WARN_CONSTANT_CONVERSION = YES;
				CLANG_WARN_DEPRECATED_OBJC_IMPLEMENTATIONS = YES;
				CLANG_WARN_DIRECT_OBJC_ISA_USAGE = YES_ERROR;
				CLANG_WARN_DOCUMENTATION_COMMENTS = YES;
				CLANG_WARN_EMPTY_BODY = YES;
				CLANG_WARN_ENUM_CONVERSION = YES;
				CLANG_WARN_INFINITE_RECURSION = YES;
				CLANG_WARN_INT_CONVERSION = YES;
				CLANG_WARN_NON_LITERAL_NULL_CONVERSION = YES;
				CLANG_WARN_OBJC_IMPLICIT_RETAIN_SELF = YES;
				CLANG_WARN_OBJC_LITERAL_CONVERSION = YES;
				CLANG_WARN_OBJC_ROOT_CLASS = YES_ERROR;
				CLANG_WARN_QUOTED_INCLUDE_IN_FRAMEWORK_HEADER = YES;
				CLANG_WARN_RANGE_LOOP_ANALYSIS = YES;
				CLANG_WARN_STRICT_PROTOTYPES = YES;
				CLANG_WARN_SUSPICIOUS_MOVE = YES;
				CLANG_WARN_UNGUARDED_AVAILABILITY = YES_AGGRESSIVE;
				CLANG_WARN_UNREACHABLE_CODE = YES;
				CLANG_WARN__DUPLICATE_METHOD_MATCH = YES;
				COPY_PHASE_STRIP = NO;
				DEBUG_INFORMATION_FORMAT = dwarf;
				ENABLE_STRICT_OBJC_MSGSEND = YES;
				ENABLE_TESTABILITY = YES;
				ENABLE_USER_SCRIPT_SANDBOXING = YES;
				GCC_C_LANGUAGE_STANDARD = gnu17;
				GCC_DYNAMIC_NO_PIC = NO;
				GCC_NO_COMMON_BLOCKS = YES;
				GCC_OPTIMIZATION_LEVEL = 0;
				GCC_PREPROCESSOR_DEFINITIONS = (
					"DEBUG=1",
					"$(inherited)",
				);
				GCC_WARN_64_TO_32_BIT_CONVERSION = YES;
				GCC_WARN_ABOUT_RETURN_TYPE = YES_ERROR;
				GCC_WARN_UNDECLARED_SELECTOR = YES;
				GCC_WARN_UNINITIALIZED_AUTOS = YES_AGGRESSIVE;
				GCC_WARN_UNUSED_FUNCTION = YES;
				GCC_WARN_UNUSED_VARIABLE = YES;
				IPHONEOS_DEPLOYMENT_TARGET = 17.0;
				LOCALIZATION_PREFERS_STRING_CATALOGS = YES;
				MTL_ENABLE_DEBUG_INFO = INCLUDE_SOURCE;
				MTL_FAST_MATH = YES;
				ONLY_ACTIVE_ARCH = YES;
				SDKROOT = iphoneos;
				SWIFT_ACTIVE_COMPILATION_CONDITIONS = "DEBUG $(inherited)";
				SWIFT_OPTIMIZATION_LEVEL = "-Onone";
			};
			name = Debug;
		};
		0FD7691A2AD2AED2002B8C13 /* Release */ = {
			isa = XCBuildConfiguration;
			buildSettings = {
				ALWAYS_SEARCH_USER_PATHS = NO;
				ASSETCATALOG_COMPILER_GENERATE_SWIFT_ASSET_SYMBOL_EXTENSIONS = YES;
				CLANG_ANALYZER_NONNULL = YES;
				CLANG_ANALYZER_NUMBER_OBJECT_CONVERSION = YES_AGGRESSIVE;
				CLANG_CXX_LANGUAGE_STANDARD = "gnu++20";
				CLANG_ENABLE_MODULES = YES;
				CLANG_ENABLE_OBJC_ARC = YES;
				CLANG_ENABLE_OBJC_WEAK = YES;
				CLANG_WARN_BLOCK_CAPTURE_AUTORELEASING = YES;
				CLANG_WARN_BOOL_CONVERSION = YES;
				CLANG_WARN_COMMA = YES;
				CLANG_WARN_CONSTANT_CONVERSION = YES;
				CLANG_WARN_DEPRECATED_OBJC_IMPLEMENTATIONS = YES;
				CLANG_WARN_DIRECT_OBJC_ISA_USAGE = YES_ERROR;
				CLANG_WARN_DOCUMENTATION_COMMENTS = YES;
				CLANG_WARN_EMPTY_BODY = YES;
				CLANG_WARN_ENUM_CONVERSION = YES;
				CLANG_WARN_INFINITE_RECURSION = YES;
				CLANG_WARN_INT_CONVERSION = YES;
				CLANG_WARN_NON_LITERAL_NULL_CONVERSION = YES;
				CLANG_WARN_OBJC_IMPLICIT_RETAIN_SELF = YES;
				CLANG_WARN_OBJC_LITERAL_CONVERSION = YES;
				CLANG_WARN_OBJC_ROOT_CLASS = YES_ERROR;
				CLANG_WARN_QUOTED_INCLUDE_IN_FRAMEWORK_HEADER = YES;
				CLANG_WARN_RANGE_LOOP_ANALYSIS = YES;
				CLANG_WARN_STRICT_PROTOTYPES = YES;
				CLANG_WARN_SUSPICIOUS_MOVE = YES;
				CLANG_WARN_UNGUARDED_AVAILABILITY = YES_AGGRESSIVE;
				CLANG_WARN_UNREACHABLE_CODE = YES;
				CLANG_WARN__DUPLICATE_METHOD_MATCH = YES;
				COPY_PHASE_STRIP = NO;
				DEBUG_INFORMATION_FORMAT = "dwarf-with-dsym";
				ENABLE_NS_ASSERTIONS = NO;
				ENABLE_STRICT_OBJC_MSGSEND = YES;
				ENABLE_USER_SCRIPT_SANDBOXING = YES;
				GCC_C_LANGUAGE_STANDARD = gnu17;
				GCC_NO_COMMON_BLOCKS = YES;
				GCC_WARN_64_TO_32_BIT_CONVERSION = YES;
				GCC_WARN_ABOUT_RETURN_TYPE = YES_ERROR;
				GCC_WARN_UNDECLARED_SELECTOR = YES;
				GCC_WARN_UNINITIALIZED_AUTOS = YES_AGGRESSIVE;
				GCC_WARN_UNUSED_FUNCTION = YES;
				GCC_WARN_UNUSED_VARIABLE = YES;
				IPHONEOS_DEPLOYMENT_TARGET = 17.0;
				LOCALIZATION_PREFERS_STRING_CATALOGS = YES;
				MTL_ENABLE_DEBUG_INFO = NO;
				MTL_FAST_MATH = YES;
				SDKROOT = iphoneos;
				SWIFT_COMPILATION_MODE = wholemodule;
				VALIDATE_PRODUCT = YES;
			};
			name = Release;
		};
		0FD7691C2AD2AED2002B8C13 /* Debug */ = {
			isa = XCBuildConfiguration;
			buildSettings = {
				ASSETCATALOG_COMPILER_APPICON_NAME = AppIcon;
				ASSETCATALOG_COMPILER_GLOBAL_ACCENT_COLOR_NAME = AccentColor;
				CODE_SIGN_STYLE = Automatic;
				CURRENT_PROJECT_VERSION = 1;
				DEVELOPMENT_ASSET_PATHS = "\"CapFun/Preview Content\"";
				ENABLE_PREVIEWS = YES;
				GENERATE_INFOPLIST_FILE = YES;
				INFOPLIST_KEY_UIApplicationSceneManifest_Generation = YES;
				INFOPLIST_KEY_UIApplicationSupportsIndirectInputEvents = YES;
				INFOPLIST_KEY_UILaunchScreen_Generation = YES;
				INFOPLIST_KEY_UISupportedInterfaceOrientations_iPad = "UIInterfaceOrientationPortrait UIInterfaceOrientationPortraitUpsideDown UIInterfaceOrientationLandscapeLeft UIInterfaceOrientationLandscapeRight";
				INFOPLIST_KEY_UISupportedInterfaceOrientations_iPhone = "UIInterfaceOrientationPortrait UIInterfaceOrientationLandscapeLeft UIInterfaceOrientationLandscapeRight";
				LD_RUNPATH_SEARCH_PATHS = (
					"$(inherited)",
					"@executable_path/Frameworks",
				);
				MARKETING_VERSION = 1.0;
				PRODUCT_BUNDLE_IDENTIFIER = com.evertonbuzzi.CapFun;
				PRODUCT_NAME = "$(TARGET_NAME)";
				SWIFT_EMIT_LOC_STRINGS = YES;
				SWIFT_VERSION = 5.0;
				TARGETED_DEVICE_FAMILY = "1,2";
			};
			name = Debug;
		};
		0FD7691D2AD2AED2002B8C13 /* Release */ = {
			isa = XCBuildConfiguration;
			buildSettings = {
				ASSETCATALOG_COMPILER_APPICON_NAME = AppIcon;
				ASSETCATALOG_COMPILER_GLOBAL_ACCENT_COLOR_NAME = AccentColor;
				CODE_SIGN_STYLE = Automatic;
				CURRENT_PROJECT_VERSION = 1;
				DEVELOPMENT_ASSET_PATHS = "\"CapFun/Preview Content\"";
				ENABLE_PREVIEWS = YES;
				GENERATE_INFOPLIST_FILE = YES;
				INFOPLIST_KEY_UIApplicationSceneManifest_Generation = YES;
				INFOPLIST_KEY_UIApplicationSupportsIndirectInputEvents = YES;
				INFOPLIST_KEY_UILaunchScreen_Generation = YES;
				INFOPLIST_KEY_UISupportedInterfaceOrientations_iPad = "UIInterfaceOrientationPortrait UIInterfaceOrientationPortraitUpsideDown UIInterfaceOrientationLandscapeLeft UIInterfaceOrientationLandscapeRight";
				INFOPLIST_KEY_UISupportedInterfaceOrientations_iPhone = "UIInterfaceOrientationPortrait UIInterfaceOrientationLandscapeLeft UIInterfaceOrientationLandscapeRight";
				LD_RUNPATH_SEARCH_PATHS = (
					"$(inherited)",
					"@executable_path/Frameworks",
				);
				MARKETING_VERSION = 1.0;
				PRODUCT_BUNDLE_IDENTIFIER = com.evertonbuzzi.CapFun;
				PRODUCT_NAME = "$(TARGET_NAME)";
				SWIFT_EMIT_LOC_STRINGS = YES;
				SWIFT_VERSION = 5.0;
				TARGETED_DEVICE_FAMILY = "1,2";
			};
			name = Release;
		};
		0FD7691F2AD2AED2002B8C13 /* Debug */ = {
			isa = XCBuildConfiguration;
			buildSettings = {
				ALWAYS_EMBED_SWIFT_STANDARD_LIBRARIES = YES;
				BUNDLE_LOADER = "$(TEST_HOST)";
				CODE_SIGN_STYLE = Automatic;
				CURRENT_PROJECT_VERSION = 1;
				GENERATE_INFOPLIST_FILE = YES;
				IPHONEOS_DEPLOYMENT_TARGET = 17.0;
				MARKETING_VERSION = 1.0;
				PRODUCT_BUNDLE_IDENTIFIER = com.evertonbuzzi.CapFunTests;
				PRODUCT_NAME = "$(TARGET_NAME)";
				SWIFT_EMIT_LOC_STRINGS = NO;
				SWIFT_VERSION = 5.0;
				TARGETED_DEVICE_FAMILY = "1,2";
				TEST_HOST = "$(BUILT_PRODUCTS_DIR)/CapFun.app/$(BUNDLE_EXECUTABLE_FOLDER_PATH)/CapFun";
			};
			name = Debug;
		};
		0FD769202AD2AED2002B8C13 /* Release */ = {
			isa = XCBuildConfiguration;
			buildSettings = {
				ALWAYS_EMBED_SWIFT_STANDARD_LIBRARIES = YES;
				BUNDLE_LOADER = "$(TEST_HOST)";
				CODE_SIGN_STYLE = Automatic;
				CURRENT_PROJECT_VERSION = 1;
				GENERATE_INFOPLIST_FILE = YES;
				IPHONEOS_DEPLOYMENT_TARGET = 17.0;
				MARKETING_VERSION = 1.0;
				PRODUCT_BUNDLE_IDENTIFIER = com.evertonbuzzi.CapFunTests;
				PRODUCT_NAME = "$(TARGET_NAME)";
				SWIFT_EMIT_LOC_STRINGS = NO;
				SWIFT_VERSION = 5.0;
				TARGETED_DEVICE_FAMILY = "1,2";
				TEST_HOST = "$(BUILT_PRODUCTS_DIR)/CapFun.app/$(BUNDLE_EXECUTABLE_FOLDER_PATH)/CapFun";
			};
			name = Release;
		};
		0FD769222AD2AED2002B8C13 /* Debug */ = {
			isa = XCBuildConfiguration;
			buildSettings = {
				ALWAYS_EMBED_SWIFT_STANDARD_LIBRARIES = YES;
				CODE_SIGN_STYLE = Automatic;
				CURRENT_PROJECT_VERSION = 1;
				GENERATE_INFOPLIST_FILE = YES;
				MARKETING_VERSION = 1.0;
				PRODUCT_BUNDLE_IDENTIFIER = com.evertonbuzzi.CapFunUITests;
				PRODUCT_NAME = "$(TARGET_NAME)";
				SWIFT_EMIT_LOC_STRINGS = NO;
				SWIFT_VERSION = 5.0;
				TARGETED_DEVICE_FAMILY = "1,2";
				TEST_TARGET_NAME = CapFun;
			};
			name = Debug;
		};
		0FD769232AD2AED2002B8C13 /* Release */ = {
			isa = XCBuildConfiguration;
			buildSettings = {
				ALWAYS_EMBED_SWIFT_STANDARD_LIBRARIES = YES;
				CODE_SIGN_STYLE = Automatic;
				CURRENT_PROJECT_VERSION = 1;
				GENERATE_INFOPLIST_FILE = YES;
				MARKETING_VERSION = 1.0;
				PRODUCT_BUNDLE_IDENTIFIER = com.evertonbuzzi.CapFunUITests;
				PRODUCT_NAME = "$(TARGET_NAME)";
				SWIFT_EMIT_LOC_STRINGS = NO;
				SWIFT_VERSION = 5.0;
				TARGETED_DEVICE_FAMILY = "1,2";
				TEST_TARGET_NAME = CapFun;
			};
			name = Release;
		};
/* End XCBuildConfiguration section */

/* Begin XCConfigurationList section */
		0FD768F22AD2AECE002B8C13 /* Build configuration list for PBXProject "CapFun" */ = {
			isa = XCConfigurationList;
			buildConfigurations = (
				0FD769192AD2AED2002B8C13 /* Debug */,
				0FD7691A2AD2AED2002B8C13 /* Release */,
			);
			defaultConfigurationIsVisible = 0;
			defaultConfigurationName = Release;
		};
		0FD7691B2AD2AED2002B8C13 /* Build configuration list for PBXNativeTarget "CapFun" */ = {
			isa = XCConfigurationList;
			buildConfigurations = (
				0FD7691C2AD2AED2002B8C13 /* Debug */,
				0FD7691D2AD2AED2002B8C13 /* Release */,
			);
			defaultConfigurationIsVisible = 0;
			defaultConfigurationName = Release;
		};
		0FD7691E2AD2AED2002B8C13 /* Build configuration list for PBXNativeTarget "CapFunTests" */ = {
			isa = XCConfigurationList;
			buildConfigurations = (
				0FD7691F2AD2AED2002B8C13 /* Debug */,
				0FD769202AD2AED2002B8C13 /* Release */,
			);
			defaultConfigurationIsVisible = 0;
			defaultConfigurationName = Release;
		};
		0FD769212AD2AED2002B8C13 /* Build configuration list for PBXNativeTarget "CapFunUITests" */ = {
			isa = XCConfigurationList;
			buildConfigurations = (
				0FD769222AD2AED2002B8C13 /* Debug */,
				0FD769232AD2AED2002B8C13 /* Release */,
			);
			defaultConfigurationIsVisible = 0;
			defaultConfigurationName = Release;
		};
/* End XCConfigurationList section */
	};
	rootObject = 0FD768EF2AD2AECE002B8C13 /* Project object */;
}
